
Microsoft Visual Studio Solution File, Format Version 12.00
# Visual Studio Version 17
VisualStudioVersion = 17.0.31903.59
MinimumVisualStudioVersion = 10.0.40219.1
Project("{2150E333-8FDC-42A3-9474-1A3956D46DE8}") = "src", "src", "{827E0CD3-B72D-47B6-A68D-7590B98EB39B}"
EndProject
Project("{2150E333-8FDC-42A3-9474-1A3956D46DE8}") = "Shared", "Shared", "{C8E42992-5E42-0C2B-DBFE-AA848D06431C}"
EndProject
Project("{FAE04EC0-301F-11D3-BF4B-00C04F79EFBC}") = "Shared.Kernel", "src\Shared\Shared.Kernel\Shared.Kernel.csproj", "{6C309B9E-8414-401C-8CA4-CDB25A497084}"
EndProject
Project("{2150E333-8FDC-42A3-9474-1A3956D46DE8}") = "Services", "Services", "{984BB9B3-3FA3-BE33-9484-CAC21695A33C}"
EndProject
Project("{2150E333-8FDC-42A3-9474-1A3956D46DE8}") = "Auth", "Auth", "{473EF3C4-73FA-6715-AA3C-7C7929374EED}"
EndProject
Project("{FAE04EC0-301F-11D3-BF4B-00C04F79EFBC}") = "Auth.Domain", "src\Services\Auth\Auth.Domain\Auth.Domain.csproj", "{B272B924-5B39-4A55-A36E-76AC0B433DA4}"
EndProject
Project("{FAE04EC0-301F-11D3-BF4B-00C04F79EFBC}") = "Auth.Application", "src\Services\Auth\Auth.Application\Auth.Application.csproj", "{A6A92740-8BF9-4045-B3AE-C868F69ACF27}"
EndProject
Project("{FAE04EC0-301F-11D3-BF4B-00C04F79EFBC}") = "Auth.Infrastructure", "src\Services\Auth\Auth.Infrastructure\Auth.Infrastructure.csproj", "{BF72E341-0B2C-485E-8857-6BB93C54F87D}"
EndProject
Project("{FAE04EC0-301F-11D3-BF4B-00C04F79EFBC}") = "Auth.API", "src\Services\Auth\Auth.API\Auth.API.csproj", "{1422DA04-FCEA-40BB-BD0B-E5498FC9B543}"
EndProject
Project("{2150E333-8FDC-42A3-9474-1A3956D46DE8}") = "Club", "Club", "{7D798F93-226F-C395-07C0-79531D1D54A2}"
EndProject
Project("{FAE04EC0-301F-11D3-BF4B-00C04F79EFBC}") = "Club.Domain", "src\Services\Club\Club.Domain\Club.Domain.csproj", "{152F9C35-5A81-43F5-B34F-369B3953840D}"
EndProject
Project("{FAE04EC0-301F-11D3-BF4B-00C04F79EFBC}") = "Club.Application", "src\Services\Club\Club.Application\Club.Application.csproj", "{B851A73B-D3A7-4F68-941F-B1B2F7DE5478}"
EndProject
Project("{FAE04EC0-301F-11D3-BF4B-00C04F79EFBC}") = "Club.Infrastructure", "src\Services\Club\Club.Infrastructure\Club.Infrastructure.csproj", "{6E165CFA-628D-4395-AE55-7E53929163C5}"
EndProject
Project("{FAE04EC0-301F-11D3-BF4B-00C04F79EFBC}") = "Club.API", "src\Services\Club\Club.API\Club.API.csproj", "{E7BBDFBB-E634-42F4-9B00-DE3CB659017E}"
EndProject
Project("{2150E333-8FDC-42A3-9474-1A3956D46DE8}") = "Report", "Report", "{EA21366C-CA10-58A8-F467-82E475E18730}"
EndProject
Project("{FAE04EC0-301F-11D3-BF4B-00C04F79EFBC}") = "Report.Domain", "src\Services\Report\Report.Domain\Report.Domain.csproj", "{BB901313-D626-4023-8051-647A162014DC}"
EndProject
Project("{FAE04EC0-301F-11D3-BF4B-00C04F79EFBC}") = "Report.Application", "src\Services\Report\Report.Application\Report.Application.csproj", "{369287F4-6392-45FA-8FC1-EBBAC47BD52A}"
EndProject
Project("{FAE04EC0-301F-11D3-BF4B-00C04F79EFBC}") = "Report.Infrastructure", "src\Services\Report\Report.Infrastructure\Report.Infrastructure.csproj", "{78323EC8-F0FF-456A-B613-0CB6057EFE9F}"
EndProject
Project("{FAE04EC0-301F-11D3-BF4B-00C04F79EFBC}") = "Report.API", "src\Services\Report\Report.API\Report.API.csproj", "{B9685183-0620-4298-A35B-5056C970292A}"
EndProject
Project("{2150E333-8FDC-42A3-9474-1A3956D46DE8}") = "Notification", "Notification", "{C5FBE174-8E0F-F5A3-B929-8BD0C55C0A32}"
EndProject
Project("{FAE04EC0-301F-11D3-BF4B-00C04F79EFBC}") = "Notification.Domain", "src\Services\Notification\Notification.Domain\Notification.Domain.csproj", "{F6FEEE07-60BA-4AC3-B78E-A14C0CC446EC}"
EndProject
Project("{FAE04EC0-301F-11D3-BF4B-00C04F79EFBC}") = "Notification.Application", "src\Services\Notification\Notification.Application\Notification.Application.csproj", "{ED303C89-135C-4463-8136-8726FE93DEB2}"
EndProject
Project("{FAE04EC0-301F-11D3-BF4B-00C04F79EFBC}") = "Notification.Infrastructure", "src\Services\Notification\Notification.Infrastructure\Notification.Infrastructure.csproj", "{86A01237-174B-41D1-8268-6B2E36A1A034}"
EndProject
Project("{FAE04EC0-301F-11D3-BF4B-00C04F79EFBC}") = "Notification.API", "src\Services\Notification\Notification.API\Notification.API.csproj", "{CAB0025A-281D-4161-8965-D70A0193595B}"
EndProject
Project("{2150E333-8FDC-42A3-9474-1A3956D46DE8}") = "ApiGateway", "ApiGateway", "{FCA01246-F2C6-0AA7-D43F-FD13BE0B9D88}"
EndProject
Project("{FAE04EC0-301F-11D3-BF4B-00C04F79EFBC}") = "ApiGateway", "src\ApiGateway\ApiGateway\ApiGateway.csproj", "{31BB73B7-C156-4EE9-83EA-4B3F0C91582A}"
EndProject
Project("{2150E333-8FDC-42A3-9474-1A3956D46DE8}") = "Finance", "Finance", "{30A3C745-6441-62E9-20A2-C490BE11AA87}"
EndProject
Project("{FAE04EC0-301F-11D3-BF4B-00C04F79EFBC}") = "Finance.Domain", "src\Services\Finance\Finance.Domain\Finance.Domain.csproj", "{28ED7380-A8B9-4176-BEF7-36149C6FD44C}"
EndProject
Project("{FAE04EC0-301F-11D3-BF4B-00C04F79EFBC}") = "Finance.Application", "src\Services\Finance\Finance.Application\Finance.Application.csproj", "{B73F262B-C228-4C18-A665-3D53FB06FB7B}"
EndProject
Project("{FAE04EC0-301F-11D3-BF4B-00C04F79EFBC}") = "Finance.Infrastructure", "src\Services\Finance\Finance.Infrastructure\Finance.Infrastructure.csproj", "{1D5414E1-4EDE-4CC5-9579-38AC6B119794}"
EndProject
Project("{FAE04EC0-301F-11D3-BF4B-00C04F79EFBC}") = "Finance.API", "src\Services\Finance\Finance.API\Finance.API.csproj", "{9F512C22-8BE6-4EEC-97CE-E2DF7F939DA9}"
EndProject
Project("{2150E333-8FDC-42A3-9474-1A3956D46DE8}") = "tests", "tests", "{0AB3BF05-4346-4AA6-1389-037BE0695223}"
EndProject
Project("{FAE04EC0-301F-11D3-BF4B-00C04F79EFBC}") = "Shared.Kernel.Tests", "tests\Shared.Kernel.Tests\Shared.Kernel.Tests.csproj", "{5A32892C-E1BA-4E40-83EC-686285A5F3F7}"
EndProject
Project("{FAE04EC0-301F-11D3-BF4B-00C04F79EFBC}") = "CommunicationReliability.Tests", "tests\CommunicationReliability.Tests\CommunicationReliability.Tests.csproj", "{B207433D-F160-46F4-950D-28DBE41BEC32}"
EndProject
Global
	GlobalSection(SolutionConfigurationPlatforms) = preSolution
		Debug|Any CPU = Debug|Any CPU
		Debug|x64 = Debug|x64
		Debug|x86 = Debug|x86
		Release|Any CPU = Release|Any CPU
		Release|x64 = Release|x64
		Release|x86 = Release|x86
	EndGlobalSection
	GlobalSection(ProjectConfigurationPlatforms) = postSolution
		{6C309B9E-8414-401C-8CA4-CDB25A497084}.Debug|Any CPU.ActiveCfg = Debug|Any CPU
		{6C309B9E-8414-401C-8CA4-CDB25A497084}.Debug|Any CPU.Build.0 = Debug|Any CPU
		{6C309B9E-8414-401C-8CA4-CDB25A497084}.Debug|x64.ActiveCfg = Debug|Any CPU
		{6C309B9E-8414-401C-8CA4-CDB25A497084}.Debug|x64.Build.0 = Debug|Any CPU
		{6C309B9E-8414-401C-8CA4-CDB25A497084}.Debug|x86.ActiveCfg = Debug|Any CPU
		{6C309B9E-8414-401C-8CA4-CDB25A497084}.Debug|x86.Build.0 = Debug|Any CPU
		{6C309B9E-8414-401C-8CA4-CDB25A497084}.Release|Any CPU.ActiveCfg = Release|Any CPU
		{6C309B9E-8414-401C-8CA4-CDB25A497084}.Release|Any CPU.Build.0 = Release|Any CPU
		{6C309B9E-8414-401C-8CA4-CDB25A497084}.Release|x64.ActiveCfg = Release|Any CPU
		{6C309B9E-8414-401C-8CA4-CDB25A497084}.Release|x64.Build.0 = Release|Any CPU
		{6C309B9E-8414-401C-8CA4-CDB25A497084}.Release|x86.ActiveCfg = Release|Any CPU
		{6C309B9E-8414-401C-8CA4-CDB25A497084}.Release|x86.Build.0 = Release|Any CPU
		{B272B924-5B39-4A55-A36E-76AC0B433DA4}.Debug|Any CPU.ActiveCfg = Debug|Any CPU
		{B272B924-5B39-4A55-A36E-76AC0B433DA4}.Debug|Any CPU.Build.0 = Debug|Any CPU
		{B272B924-5B39-4A55-A36E-76AC0B433DA4}.Debug|x64.ActiveCfg = Debug|Any CPU
		{B272B924-5B39-4A55-A36E-76AC0B433DA4}.Debug|x64.Build.0 = Debug|Any CPU
		{B272B924-5B39-4A55-A36E-76AC0B433DA4}.Debug|x86.ActiveCfg = Debug|Any CPU
		{B272B924-5B39-4A55-A36E-76AC0B433DA4}.Debug|x86.Build.0 = Debug|Any CPU
		{B272B924-5B39-4A55-A36E-76AC0B433DA4}.Release|Any CPU.ActiveCfg = Release|Any CPU
		{B272B924-5B39-4A55-A36E-76AC0B433DA4}.Release|Any CPU.Build.0 = Release|Any CPU
		{B272B924-5B39-4A55-A36E-76AC0B433DA4}.Release|x64.ActiveCfg = Release|Any CPU
		{B272B924-5B39-4A55-A36E-76AC0B433DA4}.Release|x64.Build.0 = Release|Any CPU
		{B272B924-5B39-4A55-A36E-76AC0B433DA4}.Release|x86.ActiveCfg = Release|Any CPU
		{B272B924-5B39-4A55-A36E-76AC0B433DA4}.Release|x86.Build.0 = Release|Any CPU
		{A6A92740-8BF9-4045-B3AE-C868F69ACF27}.Debug|Any CPU.ActiveCfg = Debug|Any CPU
		{A6A92740-8BF9-4045-B3AE-C868F69ACF27}.Debug|Any CPU.Build.0 = Debug|Any CPU
		{A6A92740-8BF9-4045-B3AE-C868F69ACF27}.Debug|x64.ActiveCfg = Debug|Any CPU
		{A6A92740-8BF9-4045-B3AE-C868F69ACF27}.Debug|x64.Build.0 = Debug|Any CPU
		{A6A92740-8BF9-4045-B3AE-C868F69ACF27}.Debug|x86.ActiveCfg = Debug|Any CPU
		{A6A92740-8BF9-4045-B3AE-C868F69ACF27}.Debug|x86.Build.0 = Debug|Any CPU
		{A6A92740-8BF9-4045-B3AE-C868F69ACF27}.Release|Any CPU.ActiveCfg = Release|Any CPU
		{A6A92740-8BF9-4045-B3AE-C868F69ACF27}.Release|Any CPU.Build.0 = Release|Any CPU
		{A6A92740-8BF9-4045-B3AE-C868F69ACF27}.Release|x64.ActiveCfg = Release|Any CPU
		{A6A92740-8BF9-4045-B3AE-C868F69ACF27}.Release|x64.Build.0 = Release|Any CPU
		{A6A92740-8BF9-4045-B3AE-C868F69ACF27}.Release|x86.ActiveCfg = Release|Any CPU
		{A6A92740-8BF9-4045-B3AE-C868F69ACF27}.Release|x86.Build.0 = Release|Any CPU
		{BF72E341-0B2C-485E-8857-6BB93C54F87D}.Debug|Any CPU.ActiveCfg = Debug|Any CPU
		{BF72E341-0B2C-485E-8857-6BB93C54F87D}.Debug|Any CPU.Build.0 = Debug|Any CPU
		{BF72E341-0B2C-485E-8857-6BB93C54F87D}.Debug|x64.ActiveCfg = Debug|Any CPU
		{BF72E341-0B2C-485E-8857-6BB93C54F87D}.Debug|x64.Build.0 = Debug|Any CPU
		{BF72E341-0B2C-485E-8857-6BB93C54F87D}.Debug|x86.ActiveCfg = Debug|Any CPU
		{BF72E341-0B2C-485E-8857-6BB93C54F87D}.Debug|x86.Build.0 = Debug|Any CPU
		{BF72E341-0B2C-485E-8857-6BB93C54F87D}.Release|Any CPU.ActiveCfg = Release|Any CPU
		{BF72E341-0B2C-485E-8857-6BB93C54F87D}.Release|Any CPU.Build.0 = Release|Any CPU
		{BF72E341-0B2C-485E-8857-6BB93C54F87D}.Release|x64.ActiveCfg = Release|Any CPU
		{BF72E341-0B2C-485E-8857-6BB93C54F87D}.Release|x64.Build.0 = Release|Any CPU
		{BF72E341-0B2C-485E-8857-6BB93C54F87D}.Release|x86.ActiveCfg = Release|Any CPU
		{BF72E341-0B2C-485E-8857-6BB93C54F87D}.Release|x86.Build.0 = Release|Any CPU
		{1422DA04-FCEA-40BB-BD0B-E5498FC9B543}.Debug|Any CPU.ActiveCfg = Debug|Any CPU
		{1422DA04-FCEA-40BB-BD0B-E5498FC9B543}.Debug|Any CPU.Build.0 = Debug|Any CPU
		{1422DA04-FCEA-40BB-BD0B-E5498FC9B543}.Debug|x64.ActiveCfg = Debug|Any CPU
		{1422DA04-FCEA-40BB-BD0B-E5498FC9B543}.Debug|x64.Build.0 = Debug|Any CPU
		{1422DA04-FCEA-40BB-BD0B-E5498FC9B543}.Debug|x86.ActiveCfg = Debug|Any CPU
		{1422DA04-FCEA-40BB-BD0B-E5498FC9B543}.Debug|x86.Build.0 = Debug|Any CPU
		{1422DA04-FCEA-40BB-BD0B-E5498FC9B543}.Release|Any CPU.ActiveCfg = Release|Any CPU
		{1422DA04-FCEA-40BB-BD0B-E5498FC9B543}.Release|Any CPU.Build.0 = Release|Any CPU
		{1422DA04-FCEA-40BB-BD0B-E5498FC9B543}.Release|x64.ActiveCfg = Release|Any CPU
		{1422DA04-FCEA-40BB-BD0B-E5498FC9B543}.Release|x64.Build.0 = Release|Any CPU
		{1422DA04-FCEA-40BB-BD0B-E5498FC9B543}.Release|x86.ActiveCfg = Release|Any CPU
		{1422DA04-FCEA-40BB-BD0B-E5498FC9B543}.Release|x86.Build.0 = Release|Any CPU
		{152F9C35-5A81-43F5-B34F-369B3953840D}.Debug|Any CPU.ActiveCfg = Debug|Any CPU
		{152F9C35-5A81-43F5-B34F-369B3953840D}.Debug|Any CPU.Build.0 = Debug|Any CPU
		{152F9C35-5A81-43F5-B34F-369B3953840D}.Debug|x64.ActiveCfg = Debug|Any CPU
		{152F9C35-5A81-43F5-B34F-369B3953840D}.Debug|x64.Build.0 = Debug|Any CPU
		{152F9C35-5A81-43F5-B34F-369B3953840D}.Debug|x86.ActiveCfg = Debug|Any CPU
		{152F9C35-5A81-43F5-B34F-369B3953840D}.Debug|x86.Build.0 = Debug|Any CPU
		{152F9C35-5A81-43F5-B34F-369B3953840D}.Release|Any CPU.ActiveCfg = Release|Any CPU
		{152F9C35-5A81-43F5-B34F-369B3953840D}.Release|Any CPU.Build.0 = Release|Any CPU
		{152F9C35-5A81-43F5-B34F-369B3953840D}.Release|x64.ActiveCfg = Release|Any CPU
		{152F9C35-5A81-43F5-B34F-369B3953840D}.Release|x64.Build.0 = Release|Any CPU
		{152F9C35-5A81-43F5-B34F-369B3953840D}.Release|x86.ActiveCfg = Release|Any CPU
		{152F9C35-5A81-43F5-B34F-369B3953840D}.Release|x86.Build.0 = Release|Any CPU
		{B851A73B-D3A7-4F68-941F-B1B2F7DE5478}.Debug|Any CPU.ActiveCfg = Debug|Any CPU
		{B851A73B-D3A7-4F68-941F-B1B2F7DE5478}.Debug|Any CPU.Build.0 = Debug|Any CPU
		{B851A73B-D3A7-4F68-941F-B1B2F7DE5478}.Debug|x64.ActiveCfg = Debug|Any CPU
		{B851A73B-D3A7-4F68-941F-B1B2F7DE5478}.Debug|x64.Build.0 = Debug|Any CPU
		{B851A73B-D3A7-4F68-941F-B1B2F7DE5478}.Debug|x86.ActiveCfg = Debug|Any CPU
		{B851A73B-D3A7-4F68-941F-B1B2F7DE5478}.Debug|x86.Build.0 = Debug|Any CPU
		{B851A73B-D3A7-4F68-941F-B1B2F7DE5478}.Release|Any CPU.ActiveCfg = Release|Any CPU
		{B851A73B-D3A7-4F68-941F-B1B2F7DE5478}.Release|Any CPU.Build.0 = Release|Any CPU
		{B851A73B-D3A7-4F68-941F-B1B2F7DE5478}.Release|x64.ActiveCfg = Release|Any CPU
		{B851A73B-D3A7-4F68-941F-B1B2F7DE5478}.Release|x64.Build.0 = Release|Any CPU
		{B851A73B-D3A7-4F68-941F-B1B2F7DE5478}.Release|x86.ActiveCfg = Release|Any CPU
		{B851A73B-D3A7-4F68-941F-B1B2F7DE5478}.Release|x86.Build.0 = Release|Any CPU
		{6E165CFA-628D-4395-AE55-7E53929163C5}.Debug|Any CPU.ActiveCfg = Debug|Any CPU
		{6E165CFA-628D-4395-AE55-7E53929163C5}.Debug|Any CPU.Build.0 = Debug|Any CPU
		{6E165CFA-628D-4395-AE55-7E53929163C5}.Debug|x64.ActiveCfg = Debug|Any CPU
		{6E165CFA-628D-4395-AE55-7E53929163C5}.Debug|x64.Build.0 = Debug|Any CPU
		{6E165CFA-628D-4395-AE55-7E53929163C5}.Debug|x86.ActiveCfg = Debug|Any CPU
		{6E165CFA-628D-4395-AE55-7E53929163C5}.Debug|x86.Build.0 = Debug|Any CPU
		{6E165CFA-628D-4395-AE55-7E53929163C5}.Release|Any CPU.ActiveCfg = Release|Any CPU
		{6E165CFA-628D-4395-AE55-7E53929163C5}.Release|Any CPU.Build.0 = Release|Any CPU
		{6E165CFA-628D-4395-AE55-7E53929163C5}.Release|x64.ActiveCfg = Release|Any CPU
		{6E165CFA-628D-4395-AE55-7E53929163C5}.Release|x64.Build.0 = Release|Any CPU
		{6E165CFA-628D-4395-AE55-7E53929163C5}.Release|x86.ActiveCfg = Release|Any CPU
		{6E165CFA-628D-4395-AE55-7E53929163C5}.Release|x86.Build.0 = Release|Any CPU
		{E7BBDFBB-E634-42F4-9B00-DE3CB659017E}.Debug|Any CPU.ActiveCfg = Debug|Any CPU
		{E7BBDFBB-E634-42F4-9B00-DE3CB659017E}.Debug|Any CPU.Build.0 = Debug|Any CPU
		{E7BBDFBB-E634-42F4-9B00-DE3CB659017E}.Debug|x64.ActiveCfg = Debug|Any CPU
		{E7BBDFBB-E634-42F4-9B00-DE3CB659017E}.Debug|x64.Build.0 = Debug|Any CPU
		{E7BBDFBB-E634-42F4-9B00-DE3CB659017E}.Debug|x86.ActiveCfg = Debug|Any CPU
		{E7BBDFBB-E634-42F4-9B00-DE3CB659017E}.Debug|x86.Build.0 = Debug|Any CPU
		{E7BBDFBB-E634-42F4-9B00-DE3CB659017E}.Release|Any CPU.ActiveCfg = Release|Any CPU
		{E7BBDFBB-E634-42F4-9B00-DE3CB659017E}.Release|Any CPU.Build.0 = Release|Any CPU
		{E7BBDFBB-E634-42F4-9B00-DE3CB659017E}.Release|x64.ActiveCfg = Release|Any CPU
		{E7BBDFBB-E634-42F4-9B00-DE3CB659017E}.Release|x64.Build.0 = Release|Any CPU
		{E7BBDFBB-E634-42F4-9B00-DE3CB659017E}.Release|x86.ActiveCfg = Release|Any CPU
		{E7BBDFBB-E634-42F4-9B00-DE3CB659017E}.Release|x86.Build.0 = Release|Any CPU
		{BB901313-D626-4023-8051-647A162014DC}.Debug|Any CPU.ActiveCfg = Debug|Any CPU
		{BB901313-D626-4023-8051-647A162014DC}.Debug|Any CPU.Build.0 = Debug|Any CPU
		{BB901313-D626-4023-8051-647A162014DC}.Debug|x64.ActiveCfg = Debug|Any CPU
		{BB901313-D626-4023-8051-647A162014DC}.Debug|x64.Build.0 = Debug|Any CPU
		{BB901313-D626-4023-8051-647A162014DC}.Debug|x86.ActiveCfg = Debug|Any CPU
		{BB901313-D626-4023-8051-647A162014DC}.Debug|x86.Build.0 = Debug|Any CPU
		{BB901313-D626-4023-8051-647A162014DC}.Release|Any CPU.ActiveCfg = Release|Any CPU
		{BB901313-D626-4023-8051-647A162014DC}.Release|Any CPU.Build.0 = Release|Any CPU
		{BB901313-D626-4023-8051-647A162014DC}.Release|x64.ActiveCfg = Release|Any CPU
		{BB901313-D626-4023-8051-647A162014DC}.Release|x64.Build.0 = Release|Any CPU
		{BB901313-D626-4023-8051-647A162014DC}.Release|x86.ActiveCfg = Release|Any CPU
		{BB901313-D626-4023-8051-647A162014DC}.Release|x86.Build.0 = Release|Any CPU
		{369287F4-6392-45FA-8FC1-EBBAC47BD52A}.Debug|Any CPU.ActiveCfg = Debug|Any CPU
		{369287F4-6392-45FA-8FC1-EBBAC47BD52A}.Debug|Any CPU.Build.0 = Debug|Any CPU
		{369287F4-6392-45FA-8FC1-EBBAC47BD52A}.Debug|x64.ActiveCfg = Debug|Any CPU
		{369287F4-6392-45FA-8FC1-EBBAC47BD52A}.Debug|x64.Build.0 = Debug|Any CPU
		{369287F4-6392-45FA-8FC1-EBBAC47BD52A}.Debug|x86.ActiveCfg = Debug|Any CPU
		{369287F4-6392-45FA-8FC1-EBBAC47BD52A}.Debug|x86.Build.0 = Debug|Any CPU
		{369287F4-6392-45FA-8FC1-EBBAC47BD52A}.Release|Any CPU.ActiveCfg = Release|Any CPU
		{369287F4-6392-45FA-8FC1-EBBAC47BD52A}.Release|Any CPU.Build.0 = Release|Any CPU
		{369287F4-6392-45FA-8FC1-EBBAC47BD52A}.Release|x64.ActiveCfg = Release|Any CPU
		{369287F4-6392-45FA-8FC1-EBBAC47BD52A}.Release|x64.Build.0 = Release|Any CPU
		{369287F4-6392-45FA-8FC1-EBBAC47BD52A}.Release|x86.ActiveCfg = Release|Any CPU
		{369287F4-6392-45FA-8FC1-EBBAC47BD52A}.Release|x86.Build.0 = Release|Any CPU
		{78323EC8-F0FF-456A-B613-0CB6057EFE9F}.Debug|Any CPU.ActiveCfg = Debug|Any CPU
		{78323EC8-F0FF-456A-B613-0CB6057EFE9F}.Debug|Any CPU.Build.0 = Debug|Any CPU
		{78323EC8-F0FF-456A-B613-0CB6057EFE9F}.Debug|x64.ActiveCfg = Debug|Any CPU
		{78323EC8-F0FF-456A-B613-0CB6057EFE9F}.Debug|x64.Build.0 = Debug|Any CPU
		{78323EC8-F0FF-456A-B613-0CB6057EFE9F}.Debug|x86.ActiveCfg = Debug|Any CPU
		{78323EC8-F0FF-456A-B613-0CB6057EFE9F}.Debug|x86.Build.0 = Debug|Any CPU
		{78323EC8-F0FF-456A-B613-0CB6057EFE9F}.Release|Any CPU.ActiveCfg = Release|Any CPU
		{78323EC8-F0FF-456A-B613-0CB6057EFE9F}.Release|Any CPU.Build.0 = Release|Any CPU
		{78323EC8-F0FF-456A-B613-0CB6057EFE9F}.Release|x64.ActiveCfg = Release|Any CPU
		{78323EC8-F0FF-456A-B613-0CB6057EFE9F}.Release|x64.Build.0 = Release|Any CPU
		{78323EC8-F0FF-456A-B613-0CB6057EFE9F}.Release|x86.ActiveCfg = Release|Any CPU
		{78323EC8-F0FF-456A-B613-0CB6057EFE9F}.Release|x86.Build.0 = Release|Any CPU
		{B9685183-0620-4298-A35B-5056C970292A}.Debug|Any CPU.ActiveCfg = Debug|Any CPU
		{B9685183-0620-4298-A35B-5056C970292A}.Debug|Any CPU.Build.0 = Debug|Any CPU
		{B9685183-0620-4298-A35B-5056C970292A}.Debug|x64.ActiveCfg = Debug|Any CPU
		{B9685183-0620-4298-A35B-5056C970292A}.Debug|x64.Build.0 = Debug|Any CPU
		{B9685183-0620-4298-A35B-5056C970292A}.Debug|x86.ActiveCfg = Debug|Any CPU
		{B9685183-0620-4298-A35B-5056C970292A}.Debug|x86.Build.0 = Debug|Any CPU
		{B9685183-0620-4298-A35B-5056C970292A}.Release|Any CPU.ActiveCfg = Release|Any CPU
		{B9685183-0620-4298-A35B-5056C970292A}.Release|Any CPU.Build.0 = Release|Any CPU
		{B9685183-0620-4298-A35B-5056C970292A}.Release|x64.ActiveCfg = Release|Any CPU
		{B9685183-0620-4298-A35B-5056C970292A}.Release|x64.Build.0 = Release|Any CPU
		{B9685183-0620-4298-A35B-5056C970292A}.Release|x86.ActiveCfg = Release|Any CPU
		{B9685183-0620-4298-A35B-5056C970292A}.Release|x86.Build.0 = Release|Any CPU
		{F6FEEE07-60BA-4AC3-B78E-A14C0CC446EC}.Debug|Any CPU.ActiveCfg = Debug|Any CPU
		{F6FEEE07-60BA-4AC3-B78E-A14C0CC446EC}.Debug|Any CPU.Build.0 = Debug|Any CPU
		{F6FEEE07-60BA-4AC3-B78E-A14C0CC446EC}.Debug|x64.ActiveCfg = Debug|Any CPU
		{F6FEEE07-60BA-4AC3-B78E-A14C0CC446EC}.Debug|x64.Build.0 = Debug|Any CPU
		{F6FEEE07-60BA-4AC3-B78E-A14C0CC446EC}.Debug|x86.ActiveCfg = Debug|Any CPU
		{F6FEEE07-60BA-4AC3-B78E-A14C0CC446EC}.Debug|x86.Build.0 = Debug|Any CPU
		{F6FEEE07-60BA-4AC3-B78E-A14C0CC446EC}.Release|Any CPU.ActiveCfg = Release|Any CPU
		{F6FEEE07-60BA-4AC3-B78E-A14C0CC446EC}.Release|Any CPU.Build.0 = Release|Any CPU
		{F6FEEE07-60BA-4AC3-B78E-A14C0CC446EC}.Release|x64.ActiveCfg = Release|Any CPU
		{F6FEEE07-60BA-4AC3-B78E-A14C0CC446EC}.Release|x64.Build.0 = Release|Any CPU
		{F6FEEE07-60BA-4AC3-B78E-A14C0CC446EC}.Release|x86.ActiveCfg = Release|Any CPU
		{F6FEEE07-60BA-4AC3-B78E-A14C0CC446EC}.Release|x86.Build.0 = Release|Any CPU
		{ED303C89-135C-4463-8136-8726FE93DEB2}.Debug|Any CPU.ActiveCfg = Debug|Any CPU
		{ED303C89-135C-4463-8136-8726FE93DEB2}.Debug|Any CPU.Build.0 = Debug|Any CPU
		{ED303C89-135C-4463-8136-8726FE93DEB2}.Debug|x64.ActiveCfg = Debug|Any CPU
		{ED303C89-135C-4463-8136-8726FE93DEB2}.Debug|x64.Build.0 = Debug|Any CPU
		{ED303C89-135C-4463-8136-8726FE93DEB2}.Debug|x86.ActiveCfg = Debug|Any CPU
		{ED303C89-135C-4463-8136-8726FE93DEB2}.Debug|x86.Build.0 = Debug|Any CPU
		{ED303C89-135C-4463-8136-8726FE93DEB2}.Release|Any CPU.ActiveCfg = Release|Any CPU
		{ED303C89-135C-4463-8136-8726FE93DEB2}.Release|Any CPU.Build.0 = Release|Any CPU
		{ED303C89-135C-4463-8136-8726FE93DEB2}.Release|x64.ActiveCfg = Release|Any CPU
		{ED303C89-135C-4463-8136-8726FE93DEB2}.Release|x64.Build.0 = Release|Any CPU
		{ED303C89-135C-4463-8136-8726FE93DEB2}.Release|x86.ActiveCfg = Release|Any CPU
		{ED303C89-135C-4463-8136-8726FE93DEB2}.Release|x86.Build.0 = Release|Any CPU
		{86A01237-174B-41D1-8268-6B2E36A1A034}.Debug|Any CPU.ActiveCfg = Debug|Any CPU
		{86A01237-174B-41D1-8268-6B2E36A1A034}.Debug|Any CPU.Build.0 = Debug|Any CPU
		{86A01237-174B-41D1-8268-6B2E36A1A034}.Debug|x64.ActiveCfg = Debug|Any CPU
		{86A01237-174B-41D1-8268-6B2E36A1A034}.Debug|x64.Build.0 = Debug|Any CPU
		{86A01237-174B-41D1-8268-6B2E36A1A034}.Debug|x86.ActiveCfg = Debug|Any CPU
		{86A01237-174B-41D1-8268-6B2E36A1A034}.Debug|x86.Build.0 = Debug|Any CPU
		{86A01237-174B-41D1-8268-6B2E36A1A034}.Release|Any CPU.ActiveCfg = Release|Any CPU
		{86A01237-174B-41D1-8268-6B2E36A1A034}.Release|Any CPU.Build.0 = Release|Any CPU
		{86A01237-174B-41D1-8268-6B2E36A1A034}.Release|x64.ActiveCfg = Release|Any CPU
		{86A01237-174B-41D1-8268-6B2E36A1A034}.Release|x64.Build.0 = Release|Any CPU
		{86A01237-174B-41D1-8268-6B2E36A1A034}.Release|x86.ActiveCfg = Release|Any CPU
		{86A01237-174B-41D1-8268-6B2E36A1A034}.Release|x86.Build.0 = Release|Any CPU
		{CAB0025A-281D-4161-8965-D70A0193595B}.Debug|Any CPU.ActiveCfg = Debug|Any CPU
		{CAB0025A-281D-4161-8965-D70A0193595B}.Debug|Any CPU.Build.0 = Debug|Any CPU
		{CAB0025A-281D-4161-8965-D70A0193595B}.Debug|x64.ActiveCfg = Debug|Any CPU
		{CAB0025A-281D-4161-8965-D70A0193595B}.Debug|x64.Build.0 = Debug|Any CPU
		{CAB0025A-281D-4161-8965-D70A0193595B}.Debug|x86.ActiveCfg = Debug|Any CPU
		{CAB0025A-281D-4161-8965-D70A0193595B}.Debug|x86.Build.0 = Debug|Any CPU
		{CAB0025A-281D-4161-8965-D70A0193595B}.Release|Any CPU.ActiveCfg = Release|Any CPU
		{CAB0025A-281D-4161-8965-D70A0193595B}.Release|Any CPU.Build.0 = Release|Any CPU
		{CAB0025A-281D-4161-8965-D70A0193595B}.Release|x64.ActiveCfg = Release|Any CPU
		{CAB0025A-281D-4161-8965-D70A0193595B}.Release|x64.Build.0 = Release|Any CPU
		{CAB0025A-281D-4161-8965-D70A0193595B}.Release|x86.ActiveCfg = Release|Any CPU
		{CAB0025A-281D-4161-8965-D70A0193595B}.Release|x86.Build.0 = Release|Any CPU
		{31BB73B7-C156-4EE9-83EA-4B3F0C91582A}.Debug|Any CPU.ActiveCfg = Debug|Any CPU
		{31BB73B7-C156-4EE9-83EA-4B3F0C91582A}.Debug|Any CPU.Build.0 = Debug|Any CPU
		{31BB73B7-C156-4EE9-83EA-4B3F0C91582A}.Debug|x64.ActiveCfg = Debug|Any CPU
		{31BB73B7-C156-4EE9-83EA-4B3F0C91582A}.Debug|x64.Build.0 = Debug|Any CPU
		{31BB73B7-C156-4EE9-83EA-4B3F0C91582A}.Debug|x86.ActiveCfg = Debug|Any CPU
		{31BB73B7-C156-4EE9-83EA-4B3F0C91582A}.Debug|x86.Build.0 = Debug|Any CPU
		{31BB73B7-C156-4EE9-83EA-4B3F0C91582A}.Release|Any CPU.ActiveCfg = Release|Any CPU
		{31BB73B7-C156-4EE9-83EA-4B3F0C91582A}.Release|Any CPU.Build.0 = Release|Any CPU
		{31BB73B7-C156-4EE9-83EA-4B3F0C91582A}.Release|x64.ActiveCfg = Release|Any CPU
		{31BB73B7-C156-4EE9-83EA-4B3F0C91582A}.Release|x64.Build.0 = Release|Any CPU
		{31BB73B7-C156-4EE9-83EA-4B3F0C91582A}.Release|x86.ActiveCfg = Release|Any CPU
		{31BB73B7-C156-4EE9-83EA-4B3F0C91582A}.Release|x86.Build.0 = Release|Any CPU
		{28ED7380-A8B9-4176-BEF7-36149C6FD44C}.Debug|Any CPU.ActiveCfg = Debug|Any CPU
		{28ED7380-A8B9-4176-BEF7-36149C6FD44C}.Debug|Any CPU.Build.0 = Debug|Any CPU
		{28ED7380-A8B9-4176-BEF7-36149C6FD44C}.Debug|x64.ActiveCfg = Debug|Any CPU
		{28ED7380-A8B9-4176-BEF7-36149C6FD44C}.Debug|x64.Build.0 = Debug|Any CPU
		{28ED7380-A8B9-4176-BEF7-36149C6FD44C}.Debug|x86.ActiveCfg = Debug|Any CPU
		{28ED7380-A8B9-4176-BEF7-36149C6FD44C}.Debug|x86.Build.0 = Debug|Any CPU
		{28ED7380-A8B9-4176-BEF7-36149C6FD44C}.Release|Any CPU.ActiveCfg = Release|Any CPU
		{28ED7380-A8B9-4176-BEF7-36149C6FD44C}.Release|Any CPU.Build.0 = Release|Any CPU
		{28ED7380-A8B9-4176-BEF7-36149C6FD44C}.Release|x64.ActiveCfg = Release|Any CPU
		{28ED7380-A8B9-4176-BEF7-36149C6FD44C}.Release|x64.Build.0 = Release|Any CPU
		{28ED7380-A8B9-4176-BEF7-36149C6FD44C}.Release|x86.ActiveCfg = Release|Any CPU
		{28ED7380-A8B9-4176-BEF7-36149C6FD44C}.Release|x86.Build.0 = Release|Any CPU
		{B73F262B-C228-4C18-A665-3D53FB06FB7B}.Debug|Any CPU.ActiveCfg = Debug|Any CPU
		{B73F262B-C228-4C18-A665-3D53FB06FB7B}.Debug|Any CPU.Build.0 = Debug|Any CPU
		{B73F262B-C228-4C18-A665-3D53FB06FB7B}.Debug|x64.ActiveCfg = Debug|Any CPU
		{B73F262B-C228-4C18-A665-3D53FB06FB7B}.Debug|x64.Build.0 = Debug|Any CPU
		{B73F262B-C228-4C18-A665-3D53FB06FB7B}.Debug|x86.ActiveCfg = Debug|Any CPU
		{B73F262B-C228-4C18-A665-3D53FB06FB7B}.Debug|x86.Build.0 = Debug|Any CPU
		{B73F262B-C228-4C18-A665-3D53FB06FB7B}.Release|Any CPU.ActiveCfg = Release|Any CPU
		{B73F262B-C228-4C18-A665-3D53FB06FB7B}.Release|Any CPU.Build.0 = Release|Any CPU
		{B73F262B-C228-4C18-A665-3D53FB06FB7B}.Release|x64.ActiveCfg = Release|Any CPU
		{B73F262B-C228-4C18-A665-3D53FB06FB7B}.Release|x64.Build.0 = Release|Any CPU
		{B73F262B-C228-4C18-A665-3D53FB06FB7B}.Release|x86.ActiveCfg = Release|Any CPU
		{B73F262B-C228-4C18-A665-3D53FB06FB7B}.Release|x86.Build.0 = Release|Any CPU
		{1D5414E1-4EDE-4CC5-9579-38AC6B119794}.Debug|Any CPU.ActiveCfg = Debug|Any CPU
		{1D5414E1-4EDE-4CC5-9579-38AC6B119794}.Debug|Any CPU.Build.0 = Debug|Any CPU
		{1D5414E1-4EDE-4CC5-9579-38AC6B119794}.Debug|x64.ActiveCfg = Debug|Any CPU
		{1D5414E1-4EDE-4CC5-9579-38AC6B119794}.Debug|x64.Build.0 = Debug|Any CPU
		{1D5414E1-4EDE-4CC5-9579-38AC6B119794}.Debug|x86.ActiveCfg = Debug|Any CPU
		{1D5414E1-4EDE-4CC5-9579-38AC6B119794}.Debug|x86.Build.0 = Debug|Any CPU
		{1D5414E1-4EDE-4CC5-9579-38AC6B119794}.Release|Any CPU.ActiveCfg = Release|Any CPU
		{1D5414E1-4EDE-4CC5-9579-38AC6B119794}.Release|Any CPU.Build.0 = Release|Any CPU
		{1D5414E1-4EDE-4CC5-9579-38AC6B119794}.Release|x64.ActiveCfg = Release|Any CPU
		{1D5414E1-4EDE-4CC5-9579-38AC6B119794}.Release|x64.Build.0 = Release|Any CPU
		{1D5414E1-4EDE-4CC5-9579-38AC6B119794}.Release|x86.ActiveCfg = Release|Any CPU
		{1D5414E1-4EDE-4CC5-9579-38AC6B119794}.Release|x86.Build.0 = Release|Any CPU
		{9F512C22-8BE6-4EEC-97CE-E2DF7F939DA9}.Debug|Any CPU.ActiveCfg = Debug|Any CPU
		{9F512C22-8BE6-4EEC-97CE-E2DF7F939DA9}.Debug|Any CPU.Build.0 = Debug|Any CPU
		{9F512C22-8BE6-4EEC-97CE-E2DF7F939DA9}.Debug|x64.ActiveCfg = Debug|Any CPU
		{9F512C22-8BE6-4EEC-97CE-E2DF7F939DA9}.Debug|x64.Build.0 = Debug|Any CPU
		{9F512C22-8BE6-4EEC-97CE-E2DF7F939DA9}.Debug|x86.ActiveCfg = Debug|Any CPU
		{9F512C22-8BE6-4EEC-97CE-E2DF7F939DA9}.Debug|x86.Build.0 = Debug|Any CPU
		{9F512C22-8BE6-4EEC-97CE-E2DF7F939DA9}.Release|Any CPU.ActiveCfg = Release|Any CPU
		{9F512C22-8BE6-4EEC-97CE-E2DF7F939DA9}.Release|Any CPU.Build.0 = Release|Any CPU
		{9F512C22-8BE6-4EEC-97CE-E2DF7F939DA9}.Release|x64.ActiveCfg = Release|Any CPU
		{9F512C22-8BE6-4EEC-97CE-E2DF7F939DA9}.Release|x64.Build.0 = Release|Any CPU
		{9F512C22-8BE6-4EEC-97CE-E2DF7F939DA9}.Release|x86.ActiveCfg = Release|Any CPU
		{9F512C22-8BE6-4EEC-97CE-E2DF7F939DA9}.Release|x86.Build.0 = Release|Any CPU
		{5A32892C-E1BA-4E40-83EC-686285A5F3F7}.Debug|Any CPU.ActiveCfg = Debug|Any CPU
		{5A32892C-E1BA-4E40-83EC-686285A5F3F7}.Debug|Any CPU.Build.0 = Debug|Any CPU
		{5A32892C-E1BA-4E40-83EC-686285A5F3F7}.Debug|x64.ActiveCfg = Debug|Any CPU
		{5A32892C-E1BA-4E40-83EC-686285A5F3F7}.Debug|x64.Build.0 = Debug|Any CPU
		{5A32892C-E1BA-4E40-83EC-686285A5F3F7}.Debug|x86.ActiveCfg = Debug|Any CPU
		{5A32892C-E1BA-4E40-83EC-686285A5F3F7}.Debug|x86.Build.0 = Debug|Any CPU
		{5A32892C-E1BA-4E40-83EC-686285A5F3F7}.Release|Any CPU.ActiveCfg = Release|Any CPU
		{5A32892C-E1BA-4E40-83EC-686285A5F3F7}.Release|Any CPU.Build.0 = Release|Any CPU
		{5A32892C-E1BA-4E40-83EC-686285A5F3F7}.Release|x64.ActiveCfg = Release|Any CPU
		{5A32892C-E1BA-4E40-83EC-686285A5F3F7}.Release|x64.Build.0 = Release|Any CPU
		{5A32892C-E1BA-4E40-83EC-686285A5F3F7}.Release|x86.ActiveCfg = Release|Any CPU
		{5A32892C-E1BA-4E40-83EC-686285A5F3F7}.Release|x86.Build.0 = Release|Any CPU
		{B207433D-F160-46F4-950D-28DBE41BEC32}.Debug|Any CPU.ActiveCfg = Debug|Any CPU
		{B207433D-F160-46F4-950D-28DBE41BEC32}.Debug|Any CPU.Build.0 = Debug|Any CPU
		{B207433D-F160-46F4-950D-28DBE41BEC32}.Debug|x64.ActiveCfg = Debug|Any CPU
		{B207433D-F160-46F4-950D-28DBE41BEC32}.Debug|x64.Build.0 = Debug|Any CPU
		{B207433D-F160-46F4-950D-28DBE41BEC32}.Debug|x86.ActiveCfg = Debug|Any CPU
		{B207433D-F160-46F4-950D-28DBE41BEC32}.Debug|x86.Build.0 = Debug|Any CPU
		{B207433D-F160-46F4-950D-28DBE41BEC32}.Release|Any CPU.ActiveCfg = Release|Any CPU
		{B207433D-F160-46F4-950D-28DBE41BEC32}.Release|Any CPU.Build.0 = Release|Any CPU
		{B207433D-F160-46F4-950D-28DBE41BEC32}.Release|x64.ActiveCfg = Release|Any CPU
		{B207433D-F160-46F4-950D-28DBE41BEC32}.Release|x64.Build.0 = Release|Any CPU
		{B207433D-F160-46F4-950D-28DBE41BEC32}.Release|x86.ActiveCfg = Release|Any CPU
		{B207433D-F160-46F4-950D-28DBE41BEC32}.Release|x86.Build.0 = Release|Any CPU
	EndGlobalSection
	GlobalSection(SolutionProperties) = preSolution
		HideSolutionNode = FALSE
	EndGlobalSection
	GlobalSection(NestedProjects) = preSolution
		{C8E42992-5E42-0C2B-DBFE-AA848D06431C} = {827E0CD3-B72D-47B6-A68D-7590B98EB39B}
		{6C309B9E-8414-401C-8CA4-CDB25A497084} = {C8E42992-5E42-0C2B-DBFE-AA848D06431C}
		{984BB9B3-3FA3-BE33-9484-CAC21695A33C} = {827E0CD3-B72D-47B6-A68D-7590B98EB39B}
		{473EF3C4-73FA-6715-AA3C-7C7929374EED} = {984BB9B3-3FA3-BE33-9484-CAC21695A33C}
		{B272B924-5B39-4A55-A36E-76AC0B433DA4} = {473EF3C4-73FA-6715-AA3C-7C7929374EED}
		{A6A92740-8BF9-4045-B3AE-C868F69ACF27} = {473EF3C4-73FA-6715-AA3C-7C7929374EED}
		{BF72E341-0B2C-485E-8857-6BB93C54F87D} = {473EF3C4-73FA-6715-AA3C-7C7929374EED}
		{1422DA04-FCEA-40BB-BD0B-E5498FC9B543} = {473EF3C4-73FA-6715-AA3C-7C7929374EED}
		{7D798F93-226F-C395-07C0-79531D1D54A2} = {984BB9B3-3FA3-BE33-9484-CAC21695A33C}
		{152F9C35-5A81-43F5-B34F-369B3953840D} = {7D798F93-226F-C395-07C0-79531D1D54A2}
		{B851A73B-D3A7-4F68-941F-B1B2F7DE5478} = {7D798F93-226F-C395-07C0-79531D1D54A2}
		{6E165CFA-628D-4395-AE55-7E53929163C5} = {7D798F93-226F-C395-07C0-79531D1D54A2}
		{E7BBDFBB-E634-42F4-9B00-DE3CB659017E} = {7D798F93-226F-C395-07C0-79531D1D54A2}
		{EA21366C-CA10-58A8-F467-82E475E18730} = {984BB9B3-3FA3-BE33-9484-CAC21695A33C}
		{BB901313-D626-4023-8051-647A162014DC} = {EA21366C-CA10-58A8-F467-82E475E18730}
		{369287F4-6392-45FA-8FC1-EBBAC47BD52A} = {EA21366C-CA10-58A8-F467-82E475E18730}
		{78323EC8-F0FF-456A-B613-0CB6057EFE9F} = {EA21366C-CA10-58A8-F467-82E475E18730}
		{B9685183-0620-4298-A35B-5056C970292A} = {EA21366C-CA10-58A8-F467-82E475E18730}
		{C5FBE174-8E0F-F5A3-B929-8BD0C55C0A32} = {984BB9B3-3FA3-BE33-9484-CAC21695A33C}
		{F6FEEE07-60BA-4AC3-B78E-A14C0CC446EC} = {C5FBE174-8E0F-F5A3-B929-8BD0C55C0A32}
		{ED303C89-135C-4463-8136-8726FE93DEB2} = {C5FBE174-8E0F-F5A3-B929-8BD0C55C0A32}
		{86A01237-174B-41D1-8268-6B2E36A1A034} = {C5FBE174-8E0F-F5A3-B929-8BD0C55C0A32}
		{CAB0025A-281D-4161-8965-D70A0193595B} = {C5FBE174-8E0F-F5A3-B929-8BD0C55C0A32}
		{FCA01246-F2C6-0AA7-D43F-FD13BE0B9D88} = {827E0CD3-B72D-47B6-A68D-7590B98EB39B}
		{31BB73B7-C156-4EE9-83EA-4B3F0C91582A} = {FCA01246-F2C6-0AA7-D43F-FD13BE0B9D88}
		{30A3C745-6441-62E9-20A2-C490BE11AA87} = {984BB9B3-3FA3-BE33-9484-CAC21695A33C}
		{28ED7380-A8B9-4176-BEF7-36149C6FD44C} = {30A3C745-6441-62E9-20A2-C490BE11AA87}
		{B73F262B-C228-4C18-A665-3D53FB06FB7B} = {30A3C745-6441-62E9-20A2-C490BE11AA87}
		{1D5414E1-4EDE-4CC5-9579-38AC6B119794} = {30A3C745-6441-62E9-20A2-C490BE11AA87}
		{9F512C22-8BE6-4EEC-97CE-E2DF7F939DA9} = {30A3C745-6441-62E9-20A2-C490BE11AA87}
		{5A32892C-E1BA-4E40-83EC-686285A5F3F7} = {0AB3BF05-4346-4AA6-1389-037BE0695223}
		{B207433D-F160-46F4-950D-28DBE41BEC32} = {0AB3BF05-4346-4AA6-1389-037BE0695223}
	EndGlobalSection
EndGlobal
